
Microsoft Visual Studio Solution File, Format Version 12.00
# Visual Studio Version 17
VisualStudioVersion = 17.6.33829.357
MinimumVisualStudioVersion = 10.0.40219.1
Project("{FAE04EC0-301F-11D3-BF4B-00C04F79EFBC}") = "SAT.UI.MVC", "SAT.UI.MVC\SAT.UI.MVC.csproj", "{E4638EC2-E044-40CC-9594-E7B22DDB1264}"
EndProject
Project("{FAE04EC0-301F-11D3-BF4B-00C04F79EFBC}") = "SAT.DATA.EF", "SAT.DATA.EF\SAT.DATA.EF.csproj", "{3DEDB009-0D73-405B-BEEA-2CC19314E67F}"
EndProject
Global
	GlobalSection(SolutionConfigurationPlatforms) = preSolution
		Debug|Any CPU = Debug|Any CPU
		Release|Any CPU = Release|Any CPU
	EndGlobalSection
	GlobalSection(ProjectConfigurationPlatforms) = postSolution
		{E4638EC2-E044-40CC-9594-E7B22DDB1264}.Debug|Any CPU.ActiveCfg = Debug|Any CPU
		{E4638EC2-E044-40CC-9594-E7B22DDB1264}.Debug|Any CPU.Build.0 = Debug|Any CPU
		{E4638EC2-E044-40CC-9594-E7B22DDB1264}.Release|Any CPU.ActiveCfg = Release|Any CPU
		{E4638EC2-E044-40CC-9594-E7B22DDB1264}.Release|Any CPU.Build.0 = Release|Any CPU
		{3DEDB009-0D73-405B-BEEA-2CC19314E67F}.Debug|Any CPU.ActiveCfg = Debug|Any CPU
		{3DEDB009-0D73-405B-BEEA-2CC19314E67F}.Debug|Any CPU.Build.0 = Debug|Any CPU
		{3DEDB009-0D73-405B-BEEA-2CC19314E67F}.Release|Any CPU.ActiveCfg = Release|Any CPU
		{3DEDB009-0D73-405B-BEEA-2CC19314E67F}.Release|Any CPU.Build.0 = Release|Any CPU
	EndGlobalSection
	GlobalSection(SolutionProperties) = preSolution
		HideSolutionNode = FALSE
	EndGlobalSection
	GlobalSection(ExtensibilityGlobals) = postSolution
		SolutionGuid = {FAC52901-F5E2-41B8-A870-E1B33C514E1A}
	EndGlobalSection
EndGlobal
